
Microsoft Visual Studio Solution File, Format Version 12.00
# Visual Studio Version 17
VisualStudioVersion = 17.1.32228.430
MinimumVisualStudioVersion = 10.0.40219.1
Project("{FAE04EC0-301F-11D3-BF4B-00C04F79EFBC}") = "CampusStay.Web", "CampusStay.Web\CampusStay.Web.csproj", "{6C1AB6EB-A453-4B67-8EB3-CD3CFB25CE0B}"
EndProject
Global
	GlobalSection(SolutionConfigurationPlatforms) = preSolution
		Debug|Any CPU = Debug|Any CPU
		Release|Any CPU = Release|Any CPU
	EndGlobalSection
	GlobalSection(ProjectConfigurationPlatforms) = postSolution
		{6C1AB6EB-A453-4B67-8EB3-CD3CFB25CE0B}.Debug|Any CPU.ActiveCfg = Debug|Any CPU
		{6C1AB6EB-A453-4B67-8EB3-CD3CFB25CE0B}.Debug|Any CPU.Build.0 = Debug|Any CPU
		{6C1AB6EB-A453-4B67-8EB3-CD3CFB25CE0B}.Release|Any CPU.ActiveCfg = Release|Any CPU
		{6C1AB6EB-A453-4B67-8EB3-CD3CFB25CE0B}.Release|Any CPU.Build.0 = Release|Any CPU
	EndGlobalSection
	GlobalSection(SolutionProperties) = preSolution
		HideSolutionNode = FALSE
	EndGlobalSection
	GlobalSection(ExtensibilityGlobals) = postSolution
		SolutionGuid = {4156477C-2EA5-4DDA-99C9-E08EAB7F13F3}
	EndGlobalSection
EndGlobal
